
Microsoft Visual Studio Solution File, Format Version 12.00
# Visual Studio 14
VisualStudioVersion = 14.0.25420.1
MinimumVisualStudioVersion = 10.0.40219.1
Project("{FAE04EC0-301F-11D3-BF4B-00C04F79EFBC}") = "PestApp.Droid", "PestApp\PestApp.Droid\PestApp.Droid.csproj", "{5C91F63D-1A9F-4536-840A-84407878EE5A}"
EndProject
Project("{FAE04EC0-301F-11D3-BF4B-00C04F79EFBC}") = "PestApp.iOS", "PestApp\PestApp.iOS\PestApp.iOS.csproj", "{BE306258-819B-40E7-90A2-0DD9A0697EDB}"
EndProject
Project("{FAE04EC0-301F-11D3-BF4B-00C04F79EFBC}") = "PestApp.UWP", "PestApp\PestApp.UWP\PestApp.UWP.csproj", "{5D2768FE-9F09-4032-931B-A80BFB376642}"
EndProject
Project("{FAE04EC0-301F-11D3-BF4B-00C04F79EFBC}") = "PestApp", "PestApp\PestApp\PestApp.csproj", "{3B164AD8-1898-4176-92D8-8D41E8B3F072}"
EndProject
Global
	GlobalSection(SolutionConfigurationPlatforms) = preSolution
		Ad-Hoc|Any CPU = Ad-Hoc|Any CPU
		Ad-Hoc|ARM = Ad-Hoc|ARM
		Ad-Hoc|iPhone = Ad-Hoc|iPhone
		Ad-Hoc|iPhoneSimulator = Ad-Hoc|iPhoneSimulator
		Ad-Hoc|x64 = Ad-Hoc|x64
		Ad-Hoc|x86 = Ad-Hoc|x86
		AppStore|Any CPU = AppStore|Any CPU
		AppStore|ARM = AppStore|ARM
		AppStore|iPhone = AppStore|iPhone
		AppStore|iPhoneSimulator = AppStore|iPhoneSimulator
		AppStore|x64 = AppStore|x64
		AppStore|x86 = AppStore|x86
		Debug|Any CPU = Debug|Any CPU
		Debug|ARM = Debug|ARM
		Debug|iPhone = Debug|iPhone
		Debug|iPhoneSimulator = Debug|iPhoneSimulator
		Debug|x64 = Debug|x64
		Debug|x86 = Debug|x86
		Release|Any CPU = Release|Any CPU
		Release|ARM = Release|ARM
		Release|iPhone = Release|iPhone
		Release|iPhoneSimulator = Release|iPhoneSimulator
		Release|x64 = Release|x64
		Release|x86 = Release|x86
	EndGlobalSection
	GlobalSection(ProjectConfigurationPlatforms) = postSolution
		{5C91F63D-1A9F-4536-840A-84407878EE5A}.Ad-Hoc|Any CPU.ActiveCfg = Release|Any CPU
		{5C91F63D-1A9F-4536-840A-84407878EE5A}.Ad-Hoc|Any CPU.Build.0 = Release|Any CPU
		{5C91F63D-1A9F-4536-840A-84407878EE5A}.Ad-Hoc|Any CPU.Deploy.0 = Release|Any CPU
		{5C91F63D-1A9F-4536-840A-84407878EE5A}.Ad-Hoc|ARM.ActiveCfg = Release|Any CPU
		{5C91F63D-1A9F-4536-840A-84407878EE5A}.Ad-Hoc|ARM.Build.0 = Release|Any CPU
		{5C91F63D-1A9F-4536-840A-84407878EE5A}.Ad-Hoc|ARM.Deploy.0 = Release|Any CPU
		{5C91F63D-1A9F-4536-840A-84407878EE5A}.Ad-Hoc|iPhone.ActiveCfg = Release|Any CPU
		{5C91F63D-1A9F-4536-840A-84407878EE5A}.Ad-Hoc|iPhone.Build.0 = Release|Any CPU
		{5C91F63D-1A9F-4536-840A-84407878EE5A}.Ad-Hoc|iPhone.Deploy.0 = Release|Any CPU
		{5C91F63D-1A9F-4536-840A-84407878EE5A}.Ad-Hoc|iPhoneSimulator.ActiveCfg = Release|Any CPU
		{5C91F63D-1A9F-4536-840A-84407878EE5A}.Ad-Hoc|iPhoneSimulator.Build.0 = Release|Any CPU
		{5C91F63D-1A9F-4536-840A-84407878EE5A}.Ad-Hoc|iPhoneSimulator.Deploy.0 = Release|Any CPU
		{5C91F63D-1A9F-4536-840A-84407878EE5A}.Ad-Hoc|x64.ActiveCfg = Release|Any CPU
		{5C91F63D-1A9F-4536-840A-84407878EE5A}.Ad-Hoc|x64.Build.0 = Release|Any CPU
		{5C91F63D-1A9F-4536-840A-84407878EE5A}.Ad-Hoc|x64.Deploy.0 = Release|Any CPU
		{5C91F63D-1A9F-4536-840A-84407878EE5A}.Ad-Hoc|x86.ActiveCfg = Release|Any CPU
		{5C91F63D-1A9F-4536-840A-84407878EE5A}.Ad-Hoc|x86.Build.0 = Release|Any CPU
		{5C91F63D-1A9F-4536-840A-84407878EE5A}.Ad-Hoc|x86.Deploy.0 = Release|Any CPU
		{5C91F63D-1A9F-4536-840A-84407878EE5A}.AppStore|Any CPU.ActiveCfg = Release|Any CPU
		{5C91F63D-1A9F-4536-840A-84407878EE5A}.AppStore|Any CPU.Build.0 = Release|Any CPU
		{5C91F63D-1A9F-4536-840A-84407878EE5A}.AppStore|Any CPU.Deploy.0 = Release|Any CPU
		{5C91F63D-1A9F-4536-840A-84407878EE5A}.AppStore|ARM.ActiveCfg = Release|Any CPU
		{5C91F63D-1A9F-4536-840A-84407878EE5A}.AppStore|ARM.Build.0 = Release|Any CPU
		{5C91F63D-1A9F-4536-840A-84407878EE5A}.AppStore|ARM.Deploy.0 = Release|Any CPU
		{5C91F63D-1A9F-4536-840A-84407878EE5A}.AppStore|iPhone.ActiveCfg = Release|Any CPU
		{5C91F63D-1A9F-4536-840A-84407878EE5A}.AppStore|iPhone.Build.0 = Release|Any CPU
		{5C91F63D-1A9F-4536-840A-84407878EE5A}.AppStore|iPhone.Deploy.0 = Release|Any CPU
		{5C91F63D-1A9F-4536-840A-84407878EE5A}.AppStore|iPhoneSimulator.ActiveCfg = Release|Any CPU
		{5C91F63D-1A9F-4536-840A-84407878EE5A}.AppStore|iPhoneSimulator.Build.0 = Release|Any CPU
		{5C91F63D-1A9F-4536-840A-84407878EE5A}.AppStore|iPhoneSimulator.Deploy.0 = Release|Any CPU
		{5C91F63D-1A9F-4536-840A-84407878EE5A}.AppStore|x64.ActiveCfg = Release|Any CPU
		{5C91F63D-1A9F-4536-840A-84407878EE5A}.AppStore|x64.Build.0 = Release|Any CPU
		{5C91F63D-1A9F-4536-840A-84407878EE5A}.AppStore|x64.Deploy.0 = Release|Any CPU
		{5C91F63D-1A9F-4536-840A-84407878EE5A}.AppStore|x86.ActiveCfg = Release|Any CPU
		{5C91F63D-1A9F-4536-840A-84407878EE5A}.AppStore|x86.Build.0 = Release|Any CPU
		{5C91F63D-1A9F-4536-840A-84407878EE5A}.AppStore|x86.Deploy.0 = Release|Any CPU
		{5C91F63D-1A9F-4536-840A-84407878EE5A}.Debug|Any CPU.ActiveCfg = Debug|Any CPU
		{5C91F63D-1A9F-4536-840A-84407878EE5A}.Debug|Any CPU.Build.0 = Debug|Any CPU
		{5C91F63D-1A9F-4536-840A-84407878EE5A}.Debug|Any CPU.Deploy.0 = Debug|Any CPU
		{5C91F63D-1A9F-4536-840A-84407878EE5A}.Debug|ARM.ActiveCfg = Debug|Any CPU
		{5C91F63D-1A9F-4536-840A-84407878EE5A}.Debug|ARM.Build.0 = Debug|Any CPU
		{5C91F63D-1A9F-4536-840A-84407878EE5A}.Debug|ARM.Deploy.0 = Debug|Any CPU
		{5C91F63D-1A9F-4536-840A-84407878EE5A}.Debug|iPhone.ActiveCfg = Debug|Any CPU
		{5C91F63D-1A9F-4536-840A-84407878EE5A}.Debug|iPhone.Build.0 = Debug|Any CPU
		{5C91F63D-1A9F-4536-840A-84407878EE5A}.Debug|iPhone.Deploy.0 = Debug|Any CPU
		{5C91F63D-1A9F-4536-840A-84407878EE5A}.Debug|iPhoneSimulator.ActiveCfg = Debug|Any CPU
		{5C91F63D-1A9F-4536-840A-84407878EE5A}.Debug|iPhoneSimulator.Build.0 = Debug|Any CPU
		{5C91F63D-1A9F-4536-840A-84407878EE5A}.Debug|iPhoneSimulator.Deploy.0 = Debug|Any CPU
		{5C91F63D-1A9F-4536-840A-84407878EE5A}.Debug|x64.ActiveCfg = Debug|Any CPU
		{5C91F63D-1A9F-4536-840A-84407878EE5A}.Debug|x64.Build.0 = Debug|Any CPU
		{5C91F63D-1A9F-4536-840A-84407878EE5A}.Debug|x64.Deploy.0 = Debug|Any CPU
		{5C91F63D-1A9F-4536-840A-84407878EE5A}.Debug|x86.ActiveCfg = Debug|Any CPU
		{5C91F63D-1A9F-4536-840A-84407878EE5A}.Debug|x86.Build.0 = Debug|Any CPU
		{5C91F63D-1A9F-4536-840A-84407878EE5A}.Debug|x86.Deploy.0 = Debug|Any CPU
		{5C91F63D-1A9F-4536-840A-84407878EE5A}.Release|Any CPU.ActiveCfg = Release|Any CPU
		{5C91F63D-1A9F-4536-840A-84407878EE5A}.Release|Any CPU.Build.0 = Release|Any CPU
		{5C91F63D-1A9F-4536-840A-84407878EE5A}.Release|Any CPU.Deploy.0 = Release|Any CPU
		{5C91F63D-1A9F-4536-840A-84407878EE5A}.Release|ARM.ActiveCfg = Release|Any CPU
		{5C91F63D-1A9F-4536-840A-84407878EE5A}.Release|ARM.Build.0 = Release|Any CPU
		{5C91F63D-1A9F-4536-840A-84407878EE5A}.Release|ARM.Deploy.0 = Release|Any CPU
		{5C91F63D-1A9F-4536-840A-84407878EE5A}.Release|iPhone.ActiveCfg = Release|Any CPU
		{5C91F63D-1A9F-4536-840A-84407878EE5A}.Release|iPhone.Build.0 = Release|Any CPU
		{5C91F63D-1A9F-4536-840A-84407878EE5A}.Release|iPhone.Deploy.0 = Release|Any CPU
		{5C91F63D-1A9F-4536-840A-84407878EE5A}.Release|iPhoneSimulator.ActiveCfg = Release|Any CPU
		{5C91F63D-1A9F-4536-840A-84407878EE5A}.Release|iPhoneSimulator.Build.0 = Release|Any CPU
		{5C91F63D-1A9F-4536-840A-84407878EE5A}.Release|iPhoneSimulator.Deploy.0 = Release|Any CPU
		{5C91F63D-1A9F-4536-840A-84407878EE5A}.Release|x64.ActiveCfg = Release|Any CPU
		{5C91F63D-1A9F-4536-840A-84407878EE5A}.Release|x64.Build.0 = Release|Any CPU
		{5C91F63D-1A9F-4536-840A-84407878EE5A}.Release|x64.Deploy.0 = Release|Any CPU
		{5C91F63D-1A9F-4536-840A-84407878EE5A}.Release|x86.ActiveCfg = Release|Any CPU
		{5C91F63D-1A9F-4536-840A-84407878EE5A}.Release|x86.Build.0 = Release|Any CPU
		{5C91F63D-1A9F-4536-840A-84407878EE5A}.Release|x86.Deploy.0 = Release|Any CPU
		{BE306258-819B-40E7-90A2-0DD9A0697EDB}.Ad-Hoc|Any CPU.ActiveCfg = Ad-Hoc|iPhone
		{BE306258-819B-40E7-90A2-0DD9A0697EDB}.Ad-Hoc|ARM.ActiveCfg = Ad-Hoc|iPhone
		{BE306258-819B-40E7-90A2-0DD9A0697EDB}.Ad-Hoc|iPhone.ActiveCfg = Ad-Hoc|iPhone
		{BE306258-819B-40E7-90A2-0DD9A0697EDB}.Ad-Hoc|iPhone.Build.0 = Ad-Hoc|iPhone
		{BE306258-819B-40E7-90A2-0DD9A0697EDB}.Ad-Hoc|iPhoneSimulator.ActiveCfg = Ad-Hoc|iPhoneSimulator
		{BE306258-819B-40E7-90A2-0DD9A0697EDB}.Ad-Hoc|iPhoneSimulator.Build.0 = Ad-Hoc|iPhoneSimulator
		{BE306258-819B-40E7-90A2-0DD9A0697EDB}.Ad-Hoc|x64.ActiveCfg = Ad-Hoc|iPhone
		{BE306258-819B-40E7-90A2-0DD9A0697EDB}.Ad-Hoc|x86.ActiveCfg = Ad-Hoc|iPhone
		{BE306258-819B-40E7-90A2-0DD9A0697EDB}.AppStore|Any CPU.ActiveCfg = AppStore|iPhone
		{BE306258-819B-40E7-90A2-0DD9A0697EDB}.AppStore|ARM.ActiveCfg = AppStore|iPhone
		{BE306258-819B-40E7-90A2-0DD9A0697EDB}.AppStore|iPhone.ActiveCfg = AppStore|iPhone
		{BE306258-819B-40E7-90A2-0DD9A0697EDB}.AppStore|iPhone.Build.0 = AppStore|iPhone
		{BE306258-819B-40E7-90A2-0DD9A0697EDB}.AppStore|iPhoneSimulator.ActiveCfg = AppStore|iPhoneSimulator
		{BE306258-819B-40E7-90A2-0DD9A0697EDB}.AppStore|iPhoneSimulator.Build.0 = AppStore|iPhoneSimulator
		{BE306258-819B-40E7-90A2-0DD9A0697EDB}.AppStore|x64.ActiveCfg = AppStore|iPhone
		{BE306258-819B-40E7-90A2-0DD9A0697EDB}.AppStore|x86.ActiveCfg = AppStore|iPhone
		{BE306258-819B-40E7-90A2-0DD9A0697EDB}.Debug|Any CPU.ActiveCfg = Debug|iPhone
		{BE306258-819B-40E7-90A2-0DD9A0697EDB}.Debug|ARM.ActiveCfg = Debug|iPhone
		{BE306258-819B-40E7-90A2-0DD9A0697EDB}.Debug|iPhone.ActiveCfg = Debug|iPhone
		{BE306258-819B-40E7-90A2-0DD9A0697EDB}.Debug|iPhone.Build.0 = Debug|iPhone
		{BE306258-819B-40E7-90A2-0DD9A0697EDB}.Debug|iPhoneSimulator.ActiveCfg = Debug|iPhoneSimulator
		{BE306258-819B-40E7-90A2-0DD9A0697EDB}.Debug|iPhoneSimulator.Build.0 = Debug|iPhoneSimulator
		{BE306258-819B-40E7-90A2-0DD9A0697EDB}.Debug|x64.ActiveCfg = Debug|iPhone
		{BE306258-819B-40E7-90A2-0DD9A0697EDB}.Debug|x86.ActiveCfg = Debug|iPhone
		{BE306258-819B-40E7-90A2-0DD9A0697EDB}.Release|Any CPU.ActiveCfg = Release|iPhone
		{BE306258-819B-40E7-90A2-0DD9A0697EDB}.Release|ARM.ActiveCfg = Release|iPhone
		{BE306258-819B-40E7-90A2-0DD9A0697EDB}.Release|iPhone.ActiveCfg = Release|iPhone
		{BE306258-819B-40E7-90A2-0DD9A0697EDB}.Release|iPhone.Build.0 = Release|iPhone
		{BE306258-819B-40E7-90A2-0DD9A0697EDB}.Release|iPhoneSimulator.ActiveCfg = Release|iPhoneSimulator
		{BE306258-819B-40E7-90A2-0DD9A0697EDB}.Release|iPhoneSimulator.Build.0 = Release|iPhoneSimulator
		{BE306258-819B-40E7-90A2-0DD9A0697EDB}.Release|x64.ActiveCfg = Release|iPhone
		{BE306258-819B-40E7-90A2-0DD9A0697EDB}.Release|x86.ActiveCfg = Release|iPhone
		{5D2768FE-9F09-4032-931B-A80BFB376642}.Ad-Hoc|Any CPU.ActiveCfg = Release|x86
		{5D2768FE-9F09-4032-931B-A80BFB376642}.Ad-Hoc|Any CPU.Build.0 = Release|x86
		{5D2768FE-9F09-4032-931B-A80BFB376642}.Ad-Hoc|Any CPU.Deploy.0 = Release|x86
		{5D2768FE-9F09-4032-931B-A80BFB376642}.Ad-Hoc|ARM.ActiveCfg = Release|ARM
		{5D2768FE-9F09-4032-931B-A80BFB376642}.Ad-Hoc|ARM.Build.0 = Release|ARM
		{5D2768FE-9F09-4032-931B-A80BFB376642}.Ad-Hoc|ARM.Deploy.0 = Release|ARM
		{5D2768FE-9F09-4032-931B-A80BFB376642}.Ad-Hoc|iPhone.ActiveCfg = Release|x86
		{5D2768FE-9F09-4032-931B-A80BFB376642}.Ad-Hoc|iPhone.Build.0 = Release|x86
		{5D2768FE-9F09-4032-931B-A80BFB376642}.Ad-Hoc|iPhone.Deploy.0 = Release|x86
		{5D2768FE-9F09-4032-931B-A80BFB376642}.Ad-Hoc|iPhoneSimulator.ActiveCfg = Release|x86
		{5D2768FE-9F09-4032-931B-A80BFB376642}.Ad-Hoc|iPhoneSimulator.Build.0 = Release|x86
		{5D2768FE-9F09-4032-931B-A80BFB376642}.Ad-Hoc|iPhoneSimulator.Deploy.0 = Release|x86
		{5D2768FE-9F09-4032-931B-A80BFB376642}.Ad-Hoc|x64.ActiveCfg = Release|x64
		{5D2768FE-9F09-4032-931B-A80BFB376642}.Ad-Hoc|x64.Build.0 = Release|x64
		{5D2768FE-9F09-4032-931B-A80BFB376642}.Ad-Hoc|x64.Deploy.0 = Release|x64
		{5D2768FE-9F09-4032-931B-A80BFB376642}.Ad-Hoc|x86.ActiveCfg = Release|x86
		{5D2768FE-9F09-4032-931B-A80BFB376642}.Ad-Hoc|x86.Build.0 = Release|x86
		{5D2768FE-9F09-4032-931B-A80BFB376642}.Ad-Hoc|x86.Deploy.0 = Release|x86
		{5D2768FE-9F09-4032-931B-A80BFB376642}.AppStore|Any CPU.ActiveCfg = Release|x86
		{5D2768FE-9F09-4032-931B-A80BFB376642}.AppStore|Any CPU.Build.0 = Release|x86
		{5D2768FE-9F09-4032-931B-A80BFB376642}.AppStore|Any CPU.Deploy.0 = Release|x86
		{5D2768FE-9F09-4032-931B-A80BFB376642}.AppStore|ARM.ActiveCfg = Release|ARM
		{5D2768FE-9F09-4032-931B-A80BFB376642}.AppStore|ARM.Build.0 = Release|ARM
		{5D2768FE-9F09-4032-931B-A80BFB376642}.AppStore|ARM.Deploy.0 = Release|ARM
		{5D2768FE-9F09-4032-931B-A80BFB376642}.AppStore|iPhone.ActiveCfg = Release|x86
		{5D2768FE-9F09-4032-931B-A80BFB376642}.AppStore|iPhone.Build.0 = Release|x86
		{5D2768FE-9F09-4032-931B-A80BFB376642}.AppStore|iPhone.Deploy.0 = Release|x86
		{5D2768FE-9F09-4032-931B-A80BFB376642}.AppStore|iPhoneSimulator.ActiveCfg = Release|x86
		{5D2768FE-9F09-4032-931B-A80BFB376642}.AppStore|iPhoneSimulator.Build.0 = Release|x86
		{5D2768FE-9F09-4032-931B-A80BFB376642}.AppStore|iPhoneSimulator.Deploy.0 = Release|x86
		{5D2768FE-9F09-4032-931B-A80BFB376642}.AppStore|x64.ActiveCfg = Release|x64
		{5D2768FE-9F09-4032-931B-A80BFB376642}.AppStore|x64.Build.0 = Release|x64
		{5D2768FE-9F09-4032-931B-A80BFB376642}.AppStore|x64.Deploy.0 = Release|x64
		{5D2768FE-9F09-4032-931B-A80BFB376642}.AppStore|x86.ActiveCfg = Release|x86
		{5D2768FE-9F09-4032-931B-A80BFB376642}.AppStore|x86.Build.0 = Release|x86
		{5D2768FE-9F09-4032-931B-A80BFB376642}.AppStore|x86.Deploy.0 = Release|x86
		{5D2768FE-9F09-4032-931B-A80BFB376642}.Debug|Any CPU.ActiveCfg = Debug|x86
		{5D2768FE-9F09-4032-931B-A80BFB376642}.Debug|ARM.ActiveCfg = Debug|ARM
		{5D2768FE-9F09-4032-931B-A80BFB376642}.Debug|ARM.Build.0 = Debug|ARM
		{5D2768FE-9F09-4032-931B-A80BFB376642}.Debug|ARM.Deploy.0 = Debug|ARM
		{5D2768FE-9F09-4032-931B-A80BFB376642}.Debug|iPhone.ActiveCfg = Debug|x86
		{5D2768FE-9F09-4032-931B-A80BFB376642}.Debug|iPhoneSimulator.ActiveCfg = Debug|x86
		{5D2768FE-9F09-4032-931B-A80BFB376642}.Debug|x64.ActiveCfg = Debug|x64
		{5D2768FE-9F09-4032-931B-A80BFB376642}.Debug|x64.Build.0 = Debug|x64
		{5D2768FE-9F09-4032-931B-A80BFB376642}.Debug|x64.Deploy.0 = Debug|x64
		{5D2768FE-9F09-4032-931B-A80BFB376642}.Debug|x86.ActiveCfg = Debug|x86
		{5D2768FE-9F09-4032-931B-A80BFB376642}.Debug|x86.Build.0 = Debug|x86
		{5D2768FE-9F09-4032-931B-A80BFB376642}.Debug|x86.Deploy.0 = Debug|x86
		{5D2768FE-9F09-4032-931B-A80BFB376642}.Release|Any CPU.ActiveCfg = Release|x86
		{5D2768FE-9F09-4032-931B-A80BFB376642}.Release|ARM.ActiveCfg = Release|ARM
		{5D2768FE-9F09-4032-931B-A80BFB376642}.Release|ARM.Build.0 = Release|ARM
		{5D2768FE-9F09-4032-931B-A80BFB376642}.Release|ARM.Deploy.0 = Release|ARM
		{5D2768FE-9F09-4032-931B-A80BFB376642}.Release|iPhone.ActiveCfg = Release|x86
		{5D2768FE-9F09-4032-931B-A80BFB376642}.Release|iPhoneSimulator.ActiveCfg = Release|x86
		{5D2768FE-9F09-4032-931B-A80BFB376642}.Release|x64.ActiveCfg = Release|x64
		{5D2768FE-9F09-4032-931B-A80BFB376642}.Release|x64.Build.0 = Release|x64
		{5D2768FE-9F09-4032-931B-A80BFB376642}.Release|x64.Deploy.0 = Release|x64
		{5D2768FE-9F09-4032-931B-A80BFB376642}.Release|x86.ActiveCfg = Release|x86
		{5D2768FE-9F09-4032-931B-A80BFB376642}.Release|x86.Build.0 = Release|x86
		{5D2768FE-9F09-4032-931B-A80BFB376642}.Release|x86.Deploy.0 = Release|x86
		{3B164AD8-1898-4176-92D8-8D41E8B3F072}.Ad-Hoc|Any CPU.ActiveCfg = Release|Any CPU
		{3B164AD8-1898-4176-92D8-8D41E8B3F072}.Ad-Hoc|Any CPU.Build.0 = Release|Any CPU
		{3B164AD8-1898-4176-92D8-8D41E8B3F072}.Ad-Hoc|ARM.ActiveCfg = Release|Any CPU
		{3B164AD8-1898-4176-92D8-8D41E8B3F072}.Ad-Hoc|ARM.Build.0 = Release|Any CPU
		{3B164AD8-1898-4176-92D8-8D41E8B3F072}.Ad-Hoc|iPhone.ActiveCfg = Release|Any CPU
		{3B164AD8-1898-4176-92D8-8D41E8B3F072}.Ad-Hoc|iPhone.Build.0 = Release|Any CPU
		{3B164AD8-1898-4176-92D8-8D41E8B3F072}.Ad-Hoc|iPhoneSimulator.ActiveCfg = Release|Any CPU
		{3B164AD8-1898-4176-92D8-8D41E8B3F072}.Ad-Hoc|iPhoneSimulator.Build.0 = Release|Any CPU
		{3B164AD8-1898-4176-92D8-8D41E8B3F072}.Ad-Hoc|x64.ActiveCfg = Release|Any CPU
		{3B164AD8-1898-4176-92D8-8D41E8B3F072}.Ad-Hoc|x64.Build.0 = Release|Any CPU
		{3B164AD8-1898-4176-92D8-8D41E8B3F072}.Ad-Hoc|x86.ActiveCfg = Release|Any CPU
		{3B164AD8-1898-4176-92D8-8D41E8B3F072}.Ad-Hoc|x86.Build.0 = Release|Any CPU
		{3B164AD8-1898-4176-92D8-8D41E8B3F072}.AppStore|Any CPU.ActiveCfg = Release|Any CPU
		{3B164AD8-1898-4176-92D8-8D41E8B3F072}.AppStore|Any CPU.Build.0 = Release|Any CPU
		{3B164AD8-1898-4176-92D8-8D41E8B3F072}.AppStore|ARM.ActiveCfg = Release|Any CPU
		{3B164AD8-1898-4176-92D8-8D41E8B3F072}.AppStore|ARM.Build.0 = Release|Any CPU
		{3B164AD8-1898-4176-92D8-8D41E8B3F072}.AppStore|iPhone.ActiveCfg = Release|Any CPU
		{3B164AD8-1898-4176-92D8-8D41E8B3F072}.AppStore|iPhone.Build.0 = Release|Any CPU
		{3B164AD8-1898-4176-92D8-8D41E8B3F072}.AppStore|iPhoneSimulator.ActiveCfg = Release|Any CPU
		{3B164AD8-1898-4176-92D8-8D41E8B3F072}.AppStore|iPhoneSimulator.Build.0 = Release|Any CPU
		{3B164AD8-1898-4176-92D8-8D41E8B3F072}.AppStore|x64.ActiveCfg = Release|Any CPU
		{3B164AD8-1898-4176-92D8-8D41E8B3F072}.AppStore|x64.Build.0 = Release|Any CPU
		{3B164AD8-1898-4176-92D8-8D41E8B3F072}.AppStore|x86.ActiveCfg = Release|Any CPU
		{3B164AD8-1898-4176-92D8-8D41E8B3F072}.AppStore|x86.Build.0 = Release|Any CPU
		{3B164AD8-1898-4176-92D8-8D41E8B3F072}.Debug|Any CPU.ActiveCfg = Debug|Any CPU
		{3B164AD8-1898-4176-92D8-8D41E8B3F072}.Debug|Any CPU.Build.0 = Debug|Any CPU
		{3B164AD8-1898-4176-92D8-8D41E8B3F072}.Debug|ARM.ActiveCfg = Debug|Any CPU
		{3B164AD8-1898-4176-92D8-8D41E8B3F072}.Debug|ARM.Build.0 = Debug|Any CPU
		{3B164AD8-1898-4176-92D8-8D41E8B3F072}.Debug|iPhone.ActiveCfg = Debug|Any CPU
		{3B164AD8-1898-4176-92D8-8D41E8B3F072}.Debug|iPhone.Build.0 = Debug|Any CPU
		{3B164AD8-1898-4176-92D8-8D41E8B3F072}.Debug|iPhoneSimulator.ActiveCfg = Debug|Any CPU
		{3B164AD8-1898-4176-92D8-8D41E8B3F072}.Debug|iPhoneSimulator.Build.0 = Debug|Any CPU
		{3B164AD8-1898-4176-92D8-8D41E8B3F072}.Debug|x64.ActiveCfg = Debug|Any CPU
		{3B164AD8-1898-4176-92D8-8D41E8B3F072}.Debug|x64.Build.0 = Debug|Any CPU
		{3B164AD8-1898-4176-92D8-8D41E8B3F072}.Debug|x86.ActiveCfg = Debug|Any CPU
		{3B164AD8-1898-4176-92D8-8D41E8B3F072}.Debug|x86.Build.0 = Debug|Any CPU
		{3B164AD8-1898-4176-92D8-8D41E8B3F072}.Release|Any CPU.ActiveCfg = Release|Any CPU
		{3B164AD8-1898-4176-92D8-8D41E8B3F072}.Release|Any CPU.Build.0 = Release|Any CPU
		{3B164AD8-1898-4176-92D8-8D41E8B3F072}.Release|ARM.ActiveCfg = Release|Any CPU
		{3B164AD8-1898-4176-92D8-8D41E8B3F072}.Release|ARM.Build.0 = Release|Any CPU
		{3B164AD8-1898-4176-92D8-8D41E8B3F072}.Release|iPhone.ActiveCfg = Release|Any CPU
		{3B164AD8-1898-4176-92D8-8D41E8B3F072}.Release|iPhone.Build.0 = Release|Any CPU
		{3B164AD8-1898-4176-92D8-8D41E8B3F072}.Release|iPhoneSimulator.ActiveCfg = Release|Any CPU
		{3B164AD8-1898-4176-92D8-8D41E8B3F072}.Release|iPhoneSimulator.Build.0 = Release|Any CPU
		{3B164AD8-1898-4176-92D8-8D41E8B3F072}.Release|x64.ActiveCfg = Release|Any CPU
		{3B164AD8-1898-4176-92D8-8D41E8B3F072}.Release|x64.Build.0 = Release|Any CPU
		{3B164AD8-1898-4176-92D8-8D41E8B3F072}.Release|x86.ActiveCfg = Release|Any CPU
		{3B164AD8-1898-4176-92D8-8D41E8B3F072}.Release|x86.Build.0 = Release|Any CPU
	EndGlobalSection
	GlobalSection(SolutionProperties) = preSolution
		HideSolutionNode = FALSE
	EndGlobalSection
EndGlobal
